
Microsoft Visual Studio Solution File, Format Version 12.00
# Visual Studio 14
VisualStudioVersion = 14.0.25420.1
MinimumVisualStudioVersion = 10.0.40219.1
Project("{FAE04EC0-301F-11D3-BF4B-00C04F79EFBC}") = "NotesApp", "NotesApp\NotesApp.csproj", "{55C09E04-AD79-4EF5-AB4A-656880C535E8}"
EndProject
Global
	GlobalSection(SolutionConfigurationPlatforms) = preSolution
		Debug|Any CPU = Debug|Any CPU
		Release|Any CPU = Release|Any CPU
	EndGlobalSection
	GlobalSection(ProjectConfigurationPlatforms) = postSolution
		{55C09E04-AD79-4EF5-AB4A-656880C535E8}.Debug|Any CPU.ActiveCfg = Debug|Any CPU
		{55C09E04-AD79-4EF5-AB4A-656880C535E8}.Debug|Any CPU.Build.0 = Debug|Any CPU
		{55C09E04-AD79-4EF5-AB4A-656880C535E8}.Release|Any CPU.ActiveCfg = Release|Any CPU
		{55C09E04-AD79-4EF5-AB4A-656880C535E8}.Release|Any CPU.Build.0 = Release|Any CPU
	EndGlobalSection
	GlobalSection(SolutionProperties) = preSolution
		HideSolutionNode = FALSE
	EndGlobalSection
EndGlobal
